{
  "name": "@akaydia/github-pkg-demo",
  "version": "1.0.0",
  "lockfileVersion": 2,
  "requires": true,
  "packages": {
    "": {
      "name": "@akaydia/github-pkg-demo",
      "version": "1.0.0",
      "license": "ISC",
      "dependencies": {
        "@akaydia/github-pkg-demo": "1.0.0"
      }
    },
    "node_modules/@akaydia/github-pkg-demo": {
      "version": "1.0.0",
      "resolved": "https://npm.pkg.github.com/download/@akaydia/github-pkg-demo/1.0.0/8cc81d7f67cf3bc2b2da030383b2b3f0b503e068",
      "integrity": "sha512-frHhDluG0LiPLKZdEyhnV6ZybNWX4D3Y0fOq/dOIKcS3/0njAfz66Ye5NFtLtzQsIA/q2GLL+PoMnUXQjOlmhA==",
      "license": "ISC"
    }
  },
  "dependencies": {
    "@akaydia/github-pkg-demo": {
      "version": "1.0.0",
      "resolved": "https://npm.pkg.github.com/download/@akaydia/github-pkg-demo/1.0.0/8cc81d7f67cf3bc2b2da030383b2b3f0b503e068",
      "integrity": "sha512-frHhDluG0LiPLKZdEyhnV6ZybNWX4D3Y0fOq/dOIKcS3/0njAfz66Ye5NFtLtzQsIA/q2GLL+PoMnUXQjOlmhA=="
    }
  }
}
